// !$*UTF8*$!
{
	archiveVersion = 1;
	classes = {
	};
	objectVersion = 46;
	objects = {

/* Begin PBXBuildFile section */
		006D720419952D00008149E2 /* AVFoundation.framework in Frameworks */ = {isa = PBXBuildFile; fileRef = 006D720219952D00008149E2 /* AVFoundation.framework */; };
		006D720519952D00008149E2 /* CoreMedia.framework in Frameworks */ = {isa = PBXBuildFile; fileRef = 006D720319952D00008149E2 /* CoreMedia.framework */; };
		0091D8F90E81B9330029341E /* OpenGL.framework in Frameworks */ = {isa = PBXBuildFile; fileRef = 0091D8F80E81B9330029341E /* OpenGL.framework */; };
		00B784B30FF439BC000DE1D7 /* Accelerate.framework in Frameworks */ = {isa = PBXBuildFile; fileRef = 00B784AF0FF439BC000DE1D7 /* Accelerate.framework */; };
		00B784B40FF439BC000DE1D7 /* AudioToolbox.framework in Frameworks */ = {isa = PBXBuildFile; fileRef = 00B784B00FF439BC000DE1D7 /* AudioToolbox.framework */; };
		00B784B50FF439BC000DE1D7 /* AudioUnit.framework in Frameworks */ = {isa = PBXBuildFile; fileRef = 00B784B10FF439BC000DE1D7 /* AudioUnit.framework */; };
		00B784B60FF439BC000DE1D7 /* CoreAudio.framework in Frameworks */ = {isa = PBXBuildFile; fileRef = 00B784B20FF439BC000DE1D7 /* CoreAudio.framework */; };
		00B9955A1B128DF400A5C623 /* IOKit.framework in Frameworks */ = {isa = PBXBuildFile; fileRef = 00B995581B128DF400A5C623 /* IOKit.framework */; };
		00B9955B1B128DF400A5C623 /* IOSurface.framework in Frameworks */ = {isa = PBXBuildFile; fileRef = 00B995591B128DF400A5C623 /* IOSurface.framework */; };
		115F4EB2378342229ABEE2C5 /* CoreMath.cpp in Sources */ = {isa = PBXBuildFile; fileRef = C0F566E301A84CA5A6749075 /* CoreMath.cpp */; };
		2DD7F9E91659433C998DBF4C /* Item.hpp in Sources */ = {isa = PBXBuildFile; fileRef = 9ECC1D7A7B464A2687A546F5 /* Item.hpp */; };
		3B40B565512142659F40487D /* CubeMapStudyApp.cpp in Sources */ = {isa = PBXBuildFile; fileRef = 2E246DF085F045BEB5086D71 /* CubeMapStudyApp.cpp */; };
		49EB675985A14001AC5E728A /* MeshHelpers.cpp in Sources */ = {isa = PBXBuildFile; fileRef = FCF3CB23D18648919D46420F /* MeshHelpers.cpp */; };
		5323E6B20EAFCA74003A9687 /* CoreVideo.framework in Frameworks */ = {isa = PBXBuildFile; fileRef = 5323E6B10EAFCA74003A9687 /* CoreVideo.framework */; };
		7E2658B3D0674262A819EFDB /* Gradient.hpp in Sources */ = {isa = PBXBuildFile; fileRef = AF76B9F0B8A2448DB06DCC95 /* Gradient.hpp */; };
		8D11072F0486CEB800E47090 /* Cocoa.framework in Frameworks */ = {isa = PBXBuildFile; fileRef = 1058C7A1FEA54F0111CA2CBB /* Cocoa.framework */; };
		BAC0C5D91C914E9FBAD658EA /* CinderApp.icns in Resources */ = {isa = PBXBuildFile; fileRef = 14FD3C971E9340378502B918 /* CinderApp.icns */; };
		BCF2A72FFA0F4603B8B593CE /* GeomEater.cpp in Sources */ = {isa = PBXBuildFile; fileRef = 64E6A035957649C288093F23 /* GeomEater.cpp */; };
		EF7E4EB61DFA267100AE6B47 /* Mesh.cpp in Sources */ = {isa = PBXBuildFile; fileRef = EF7E4EAB1DFA267100AE6B47 /* Mesh.cpp */; };
		EF7E4EB71DFA267100AE6B47 /* MeshBuilds.cpp in Sources */ = {isa = PBXBuildFile; fileRef = EF7E4EAD1DFA267100AE6B47 /* MeshBuilds.cpp */; };
		EF7E4EB81DFA267100AE6B47 /* MeshGroup.cpp in Sources */ = {isa = PBXBuildFile; fileRef = EF7E4EAF1DFA267100AE6B47 /* MeshGroup.cpp */; };
		EF7E4EB91DFA267100AE6B47 /* Vertex.cpp in Sources */ = {isa = PBXBuildFile; fileRef = EF7E4EB21DFA267100AE6B47 /* Vertex.cpp */; };
/* End PBXBuildFile section */

/* Begin PBXFileReference section */
		006D720219952D00008149E2 /* AVFoundation.framework */ = {isa = PBXFileReference; lastKnownFileType = wrapper.framework; name = AVFoundation.framework; path = System/Library/Frameworks/AVFoundation.framework; sourceTree = SDKROOT; };
		006D720319952D00008149E2 /* CoreMedia.framework */ = {isa = PBXFileReference; lastKnownFileType = wrapper.framework; name = CoreMedia.framework; path = System/Library/Frameworks/CoreMedia.framework; sourceTree = SDKROOT; };
		0091D8F80E81B9330029341E /* OpenGL.framework */ = {isa = PBXFileReference; lastKnownFileType = wrapper.framework; name = OpenGL.framework; path = /System/Library/Frameworks/OpenGL.framework; sourceTree = "<absolute>"; };
		00B784AF0FF439BC000DE1D7 /* Accelerate.framework */ = {isa = PBXFileReference; lastKnownFileType = wrapper.framework; name = Accelerate.framework; path = System/Library/Frameworks/Accelerate.framework; sourceTree = SDKROOT; };
		00B784B00FF439BC000DE1D7 /* AudioToolbox.framework */ = {isa = PBXFileReference; lastKnownFileType = wrapper.framework; name = AudioToolbox.framework; path = System/Library/Frameworks/AudioToolbox.framework; sourceTree = SDKROOT; };
		00B784B10FF439BC000DE1D7 /* AudioUnit.framework */ = {isa = PBXFileReference; lastKnownFileType = wrapper.framework; name = AudioUnit.framework; path = System/Library/Frameworks/AudioUnit.framework; sourceTree = SDKROOT; };
		00B784B20FF439BC000DE1D7 /* CoreAudio.framework */ = {isa = PBXFileReference; lastKnownFileType = wrapper.framework; name = CoreAudio.framework; path = System/Library/Frameworks/CoreAudio.framework; sourceTree = SDKROOT; };
		00B995581B128DF400A5C623 /* IOKit.framework */ = {isa = PBXFileReference; lastKnownFileType = wrapper.framework; name = IOKit.framework; path = System/Library/Frameworks/IOKit.framework; sourceTree = SDKROOT; };
		00B995591B128DF400A5C623 /* IOSurface.framework */ = {isa = PBXFileReference; lastKnownFileType = wrapper.framework; name = IOSurface.framework; path = System/Library/Frameworks/IOSurface.framework; sourceTree = SDKROOT; };
		1058C7A1FEA54F0111CA2CBB /* Cocoa.framework */ = {isa = PBXFileReference; lastKnownFileType = wrapper.framework; name = Cocoa.framework; path = /System/Library/Frameworks/Cocoa.framework; sourceTree = "<absolute>"; };
		14FD3C971E9340378502B918 /* CinderApp.icns */ = {isa = PBXFileReference; lastKnownFileType = image.icns; name = CinderApp.icns; path = ../resources/CinderApp.icns; sourceTree = "<group>"; };
		29B97324FDCFA39411CA2CEA /* AppKit.framework */ = {isa = PBXFileReference; lastKnownFileType = wrapper.framework; name = AppKit.framework; path = /System/Library/Frameworks/AppKit.framework; sourceTree = "<absolute>"; };
		29B97325FDCFA39411CA2CEA /* Foundation.framework */ = {isa = PBXFileReference; lastKnownFileType = wrapper.framework; name = Foundation.framework; path = /System/Library/Frameworks/Foundation.framework; sourceTree = "<absolute>"; };
		2E246DF085F045BEB5086D71 /* CubeMapStudyApp.cpp */ = {isa = PBXFileReference; lastKnownFileType = sourcecode.c.cpp; name = CubeMapStudyApp.cpp; path = ../src/CubeMapStudyApp.cpp; sourceTree = "<group>"; };
		3A8C539A4D35426FB85A01AF /* Info.plist */ = {isa = PBXFileReference; lastKnownFileType = text.plist.xml; path = Info.plist; sourceTree = "<group>"; };
		4B8D4F5363BD4CCB96C0ECB7 /* CubeMapStudy_Prefix.pch */ = {isa = PBXFileReference; lastKnownFileType = "\"\""; path = CubeMapStudy_Prefix.pch; sourceTree = "<group>"; };
		5323E6B10EAFCA74003A9687 /* CoreVideo.framework */ = {isa = PBXFileReference; lastKnownFileType = wrapper.framework; name = CoreVideo.framework; path = /System/Library/Frameworks/CoreVideo.framework; sourceTree = "<absolute>"; };
		5D2C07C2EDBD46E889601456 /* GeomEater.h */ = {isa = PBXFileReference; lastKnownFileType = sourcecode.c.h; name = GeomEater.h; path = "../../../cinder/blocks/core-util/GeomEater.h"; sourceTree = "<group>"; };
		64E6A035957649C288093F23 /* GeomEater.cpp */ = {isa = PBXFileReference; lastKnownFileType = sourcecode.c.cpp; name = GeomEater.cpp; path = "../../../cinder/blocks/core-util/GeomEater.cpp"; sourceTree = "<group>"; };
		6F8F0CF818DE4BDBB778DCC2 /* Resources.h */ = {isa = PBXFileReference; lastKnownFileType = sourcecode.c.h; name = Resources.h; path = ../include/Resources.h; sourceTree = "<group>"; };
		8D1107320486CEB800E47090 /* CubeMapStudy.app */ = {isa = PBXFileReference; explicitFileType = wrapper.application; includeInIndex = 0; path = CubeMapStudy.app; sourceTree = BUILT_PRODUCTS_DIR; };
		9CF5810325E7426B89A94950 /* MeshHelpers.h */ = {isa = PBXFileReference; lastKnownFileType = sourcecode.c.h; name = MeshHelpers.h; path = "../../../cinder/blocks/core-util/MeshHelpers.h"; sourceTree = "<group>"; };
		9ECC1D7A7B464A2687A546F5 /* Item.hpp */ = {isa = PBXFileReference; lastKnownFileType = "\"\""; name = Item.hpp; path = "../../../cinder/blocks/core-util/Item.hpp"; sourceTree = "<group>"; };
		AF76B9F0B8A2448DB06DCC95 /* Gradient.hpp */ = {isa = PBXFileReference; lastKnownFileType = "\"\""; name = Gradient.hpp; path = "../../../cinder/blocks/core-util/Gradient.hpp"; sourceTree = "<group>"; };
		B44DF2EA6FD14653A843A312 /* CoreMath.h */ = {isa = PBXFileReference; lastKnownFileType = sourcecode.c.h; name = CoreMath.h; path = "../../../cinder/blocks/core-util/CoreMath.h"; sourceTree = "<group>"; };
		B65F390116A74FB083EB6B91 /* NoiseWalker.hpp */ = {isa = PBXFileReference; lastKnownFileType = "\"\""; name = NoiseWalker.hpp; path = "../../../cinder/blocks/core-util/NoiseWalker.hpp"; sourceTree = "<group>"; };
		C0F566E301A84CA5A6749075 /* CoreMath.cpp */ = {isa = PBXFileReference; lastKnownFileType = sourcecode.c.cpp; name = CoreMath.cpp; path = "../../../cinder/blocks/core-util/CoreMath.cpp"; sourceTree = "<group>"; };
		DA42410D464A4335A367FD96 /* Node.hpp */ = {isa = PBXFileReference; lastKnownFileType = "\"\""; name = Node.hpp; path = "../../../cinder/blocks/core-util/Node.hpp"; sourceTree = "<group>"; };
		EF7E4EA81DFA267100AE6B47 /* buildmesh.h */ = {isa = PBXFileReference; fileEncoding = 4; lastKnownFileType = sourcecode.c.h; path = buildmesh.h; sourceTree = "<group>"; };
		EF7E4EAA1DFA267100AE6B47 /* MathBase.h */ = {isa = PBXFileReference; fileEncoding = 4; lastKnownFileType = sourcecode.c.h; path = MathBase.h; sourceTree = "<group>"; };
		EF7E4EAB1DFA267100AE6B47 /* Mesh.cpp */ = {isa = PBXFileReference; fileEncoding = 4; lastKnownFileType = sourcecode.cpp.cpp; path = Mesh.cpp; sourceTree = "<group>"; };
		EF7E4EAC1DFA267100AE6B47 /* Mesh.h */ = {isa = PBXFileReference; fileEncoding = 4; lastKnownFileType = sourcecode.c.h; path = Mesh.h; sourceTree = "<group>"; };
		EF7E4EAD1DFA267100AE6B47 /* MeshBuilds.cpp */ = {isa = PBXFileReference; fileEncoding = 4; lastKnownFileType = sourcecode.cpp.cpp; path = MeshBuilds.cpp; sourceTree = "<group>"; };
		EF7E4EAE1DFA267100AE6B47 /* MeshBuilds.h */ = {isa = PBXFileReference; fileEncoding = 4; lastKnownFileType = sourcecode.c.h; path = MeshBuilds.h; sourceTree = "<group>"; };
		EF7E4EAF1DFA267100AE6B47 /* MeshGroup.cpp */ = {isa = PBXFileReference; fileEncoding = 4; lastKnownFileType = sourcecode.cpp.cpp; path = MeshGroup.cpp; sourceTree = "<group>"; };
		EF7E4EB01DFA267100AE6B47 /* MeshGroup.h */ = {isa = PBXFileReference; fileEncoding = 4; lastKnownFileType = sourcecode.c.h; path = MeshGroup.h; sourceTree = "<group>"; };
		EF7E4EB21DFA267100AE6B47 /* Vertex.cpp */ = {isa = PBXFileReference; fileEncoding = 4; lastKnownFileType = sourcecode.cpp.cpp; path = Vertex.cpp; sourceTree = "<group>"; };
		EF7E4EB31DFA267100AE6B47 /* Vertex.h */ = {isa = PBXFileReference; fileEncoding = 4; lastKnownFileType = sourcecode.c.h; path = Vertex.h; sourceTree = "<group>"; };
		FCF3CB23D18648919D46420F /* MeshHelpers.cpp */ = {isa = PBXFileReference; lastKnownFileType = sourcecode.c.cpp; name = MeshHelpers.cpp; path = "../../../cinder/blocks/core-util/MeshHelpers.cpp"; sourceTree = "<group>"; };
/* End PBXFileReference section */

/* Begin PBXFrameworksBuildPhase section */
		8D11072E0486CEB800E47090 /* Frameworks */ = {
			isa = PBXFrameworksBuildPhase;
			buildActionMask = 2147483647;
			files = (
				006D720419952D00008149E2 /* AVFoundation.framework in Frameworks */,
				006D720519952D00008149E2 /* CoreMedia.framework in Frameworks */,
				8D11072F0486CEB800E47090 /* Cocoa.framework in Frameworks */,
				0091D8F90E81B9330029341E /* OpenGL.framework in Frameworks */,
				5323E6B20EAFCA74003A9687 /* CoreVideo.framework in Frameworks */,
				00B784B30FF439BC000DE1D7 /* Accelerate.framework in Frameworks */,
				00B784B40FF439BC000DE1D7 /* AudioToolbox.framework in Frameworks */,
				00B784B50FF439BC000DE1D7 /* AudioUnit.framework in Frameworks */,
				00B784B60FF439BC000DE1D7 /* CoreAudio.framework in Frameworks */,
				00B9955A1B128DF400A5C623 /* IOKit.framework in Frameworks */,
				00B9955B1B128DF400A5C623 /* IOSurface.framework in Frameworks */,
			);
			runOnlyForDeploymentPostprocessing = 0;
		};
/* End PBXFrameworksBuildPhase section */

/* Begin PBXGroup section */
		01B97315FEAEA392516A2CEA /* Blocks */ = {
			isa = PBXGroup;
			children = (
				EF7E4EA51DFA267100AE6B47 /* buildmesh */,
				D62800C04D8D4EF0A69A18E2 /* core-util */,
			);
			name = Blocks;
			sourceTree = "<group>";
		};
		080E96DDFE201D6D7F000001 /* Source */ = {
			isa = PBXGroup;
			children = (
				2E246DF085F045BEB5086D71 /* CubeMapStudyApp.cpp */,
			);
			name = Source;
			sourceTree = "<group>";
		};
		1058C7A0FEA54F0111CA2CBB /* Linked Frameworks */ = {
			isa = PBXGroup;
			children = (
				006D720219952D00008149E2 /* AVFoundation.framework */,
				006D720319952D00008149E2 /* CoreMedia.framework */,
				00B784AF0FF439BC000DE1D7 /* Accelerate.framework */,
				00B784B00FF439BC000DE1D7 /* AudioToolbox.framework */,
				00B784B10FF439BC000DE1D7 /* AudioUnit.framework */,
				00B784B20FF439BC000DE1D7 /* CoreAudio.framework */,
				5323E6B10EAFCA74003A9687 /* CoreVideo.framework */,
				0091D8F80E81B9330029341E /* OpenGL.framework */,
				1058C7A1FEA54F0111CA2CBB /* Cocoa.framework */,
				00B995581B128DF400A5C623 /* IOKit.framework */,
				00B995591B128DF400A5C623 /* IOSurface.framework */,
			);
			name = "Linked Frameworks";
			sourceTree = "<group>";
		};
		1058C7A2FEA54F0111CA2CBB /* Other Frameworks */ = {
			isa = PBXGroup;
			children = (
				29B97324FDCFA39411CA2CEA /* AppKit.framework */,
				29B97325FDCFA39411CA2CEA /* Foundation.framework */,
			);
			name = "Other Frameworks";
			sourceTree = "<group>";
		};
		19C28FACFE9D520D11CA2CBB /* Products */ = {
			isa = PBXGroup;
			children = (
				8D1107320486CEB800E47090 /* CubeMapStudy.app */,
			);
			name = Products;
			sourceTree = "<group>";
		};
		29B97314FDCFA39411CA2CEA /* CubeMapStudy */ = {
			isa = PBXGroup;
			children = (
				01B97315FEAEA392516A2CEA /* Blocks */,
				29B97315FDCFA39411CA2CEA /* Headers */,
				080E96DDFE201D6D7F000001 /* Source */,
				29B97317FDCFA39411CA2CEA /* Resources */,
				29B97323FDCFA39411CA2CEA /* Frameworks */,
				19C28FACFE9D520D11CA2CBB /* Products */,
			);
			name = CubeMapStudy;
			sourceTree = "<group>";
		};
		29B97315FDCFA39411CA2CEA /* Headers */ = {
			isa = PBXGroup;
			children = (
				6F8F0CF818DE4BDBB778DCC2 /* Resources.h */,
				4B8D4F5363BD4CCB96C0ECB7 /* CubeMapStudy_Prefix.pch */,
			);
			name = Headers;
			sourceTree = "<group>";
		};
		29B97317FDCFA39411CA2CEA /* Resources */ = {
			isa = PBXGroup;
			children = (
				14FD3C971E9340378502B918 /* CinderApp.icns */,
				3A8C539A4D35426FB85A01AF /* Info.plist */,
			);
			name = Resources;
			sourceTree = "<group>";
		};
		29B97323FDCFA39411CA2CEA /* Frameworks */ = {
			isa = PBXGroup;
			children = (
				1058C7A0FEA54F0111CA2CBB /* Linked Frameworks */,
				1058C7A2FEA54F0111CA2CBB /* Other Frameworks */,
			);
			name = Frameworks;
			sourceTree = "<group>";
		};
		D62800C04D8D4EF0A69A18E2 /* core-util */ = {
			isa = PBXGroup;
			children = (
				B44DF2EA6FD14653A843A312 /* CoreMath.h */,
				C0F566E301A84CA5A6749075 /* CoreMath.cpp */,
				5D2C07C2EDBD46E889601456 /* GeomEater.h */,
				64E6A035957649C288093F23 /* GeomEater.cpp */,
				AF76B9F0B8A2448DB06DCC95 /* Gradient.hpp */,
				9ECC1D7A7B464A2687A546F5 /* Item.hpp */,
				9CF5810325E7426B89A94950 /* MeshHelpers.h */,
				FCF3CB23D18648919D46420F /* MeshHelpers.cpp */,
				DA42410D464A4335A367FD96 /* Node.hpp */,
				B65F390116A74FB083EB6B91 /* NoiseWalker.hpp */,
			);
			name = "core-util";
			sourceTree = "<group>";
		};
		EF7E4EA51DFA267100AE6B47 /* buildmesh */ = {
			isa = PBXGroup;
			children = (
				EF7E4EA81DFA267100AE6B47 /* buildmesh.h */,
				EF7E4EAA1DFA267100AE6B47 /* MathBase.h */,
				EF7E4EAB1DFA267100AE6B47 /* Mesh.cpp */,
				EF7E4EAC1DFA267100AE6B47 /* Mesh.h */,
				EF7E4EAD1DFA267100AE6B47 /* MeshBuilds.cpp */,
				EF7E4EAE1DFA267100AE6B47 /* MeshBuilds.h */,
				EF7E4EAF1DFA267100AE6B47 /* MeshGroup.cpp */,
				EF7E4EB01DFA267100AE6B47 /* MeshGroup.h */,
				EF7E4EB21DFA267100AE6B47 /* Vertex.cpp */,
				EF7E4EB31DFA267100AE6B47 /* Vertex.h */,
			);
			name = buildmesh;
			path = ../../../cpp/buildmesh;
			sourceTree = "<group>";
		};
/* End PBXGroup section */

/* Begin PBXNativeTarget section */
		8D1107260486CEB800E47090 /* CubeMapStudy */ = {
			isa = PBXNativeTarget;
			buildConfigurationList = C01FCF4A08A954540054247B /* Build configuration list for PBXNativeTarget "CubeMapStudy" */;
			buildPhases = (
				8D1107290486CEB800E47090 /* Resources */,
				8D11072C0486CEB800E47090 /* Sources */,
				8D11072E0486CEB800E47090 /* Frameworks */,
			);
			buildRules = (
			);
			dependencies = (
			);
			name = CubeMapStudy;
			productInstallPath = "$(HOME)/Applications";
			productName = CubeMapStudy;
			productReference = 8D1107320486CEB800E47090 /* CubeMapStudy.app */;
			productType = "com.apple.product-type.application";
		};
/* End PBXNativeTarget section */

/* Begin PBXProject section */
		29B97313FDCFA39411CA2CEA /* Project object */ = {
			isa = PBXProject;
			attributes = {
			};
			buildConfigurationList = C01FCF4E08A954540054247B /* Build configuration list for PBXProject "CubeMapStudy" */;
			compatibilityVersion = "Xcode 3.2";
			developmentRegion = English;
			hasScannedForEncodings = 1;
			knownRegions = (
				English,
				Japanese,
				French,
				German,
			);
			mainGroup = 29B97314FDCFA39411CA2CEA /* CubeMapStudy */;
			projectDirPath = "";
			projectRoot = "";
			targets = (
				8D1107260486CEB800E47090 /* CubeMapStudy */,
			);
		};
/* End PBXProject section */

/* Begin PBXResourcesBuildPhase section */
		8D1107290486CEB800E47090 /* Resources */ = {
			isa = PBXResourcesBuildPhase;
			buildActionMask = 2147483647;
			files = (
				BAC0C5D91C914E9FBAD658EA /* CinderApp.icns in Resources */,
			);
			runOnlyForDeploymentPostprocessing = 0;
		};
/* End PBXResourcesBuildPhase section */

/* Begin PBXSourcesBuildPhase section */
		8D11072C0486CEB800E47090 /* Sources */ = {
			isa = PBXSourcesBuildPhase;
			buildActionMask = 2147483647;
			files = (
				3B40B565512142659F40487D /* CubeMapStudyApp.cpp in Sources */,
				EF7E4EB71DFA267100AE6B47 /* MeshBuilds.cpp in Sources */,
				115F4EB2378342229ABEE2C5 /* CoreMath.cpp in Sources */,
				BCF2A72FFA0F4603B8B593CE /* GeomEater.cpp in Sources */,
				7E2658B3D0674262A819EFDB /* Gradient.hpp in Sources */,
				2DD7F9E91659433C998DBF4C /* Item.hpp in Sources */,
				EF7E4EB61DFA267100AE6B47 /* Mesh.cpp in Sources */,
				EF7E4EB81DFA267100AE6B47 /* MeshGroup.cpp in Sources */,
				49EB675985A14001AC5E728A /* MeshHelpers.cpp in Sources */,
				EF7E4EB91DFA267100AE6B47 /* Vertex.cpp in Sources */,
			);
			runOnlyForDeploymentPostprocessing = 0;
		};
/* End PBXSourcesBuildPhase section */

/* Begin XCBuildConfiguration section */
		C01FCF4B08A954540054247B /* Debug */ = {
			isa = XCBuildConfiguration;
			buildSettings = {
				COMBINE_HIDPI_IMAGES = YES;
				COPY_PHASE_STRIP = NO;
				DEAD_CODE_STRIPPING = YES;
				GCC_DYNAMIC_NO_PIC = NO;
				GCC_INLINES_ARE_PRIVATE_EXTERN = YES;
				GCC_OPTIMIZATION_LEVEL = 0;
				GCC_PRECOMPILE_PREFIX_HEADER = YES;
				GCC_PREFIX_HEADER = CubeMapStudy_Prefix.pch;
				GCC_PREPROCESSOR_DEFINITIONS = (
					"DEBUG=1",
					"$(inherited)",
				);
				GCC_SYMBOLS_PRIVATE_EXTERN = NO;
				INFOPLIST_FILE = Info.plist;
				INSTALL_PATH = "$(HOME)/Applications";
				OTHER_LDFLAGS = "\"$(CINDER_PATH)/lib/libcinder_d.a\"";
				PRODUCT_BUNDLE_IDENTIFIER = "org.libcinder.${PRODUCT_NAME:rfc1034identifier}";
				PRODUCT_NAME = CubeMapStudy;
				SYMROOT = ./build;
				WRAPPER_EXTENSION = app;
			};
			name = Debug;
		};
		C01FCF4C08A954540054247B /* Release */ = {
			isa = XCBuildConfiguration;
			buildSettings = {
				COMBINE_HIDPI_IMAGES = YES;
				DEAD_CODE_STRIPPING = YES;
				DEBUG_INFORMATION_FORMAT = "dwarf-with-dsym";
				GCC_FAST_MATH = YES;
				GCC_GENERATE_DEBUGGING_SYMBOLS = NO;
				GCC_INLINES_ARE_PRIVATE_EXTERN = YES;
				GCC_OPTIMIZATION_LEVEL = 3;
				GCC_PRECOMPILE_PREFIX_HEADER = YES;
				GCC_PREFIX_HEADER = CubeMapStudy_Prefix.pch;
				GCC_PREPROCESSOR_DEFINITIONS = (
					"NDEBUG=1",
					"$(inherited)",
				);
				GCC_SYMBOLS_PRIVATE_EXTERN = NO;
				INFOPLIST_FILE = Info.plist;
				INSTALL_PATH = "$(HOME)/Applications";
				OTHER_LDFLAGS = "\"$(CINDER_PATH)/lib/libcinder.a\"";
				PRODUCT_BUNDLE_IDENTIFIER = "org.libcinder.${PRODUCT_NAME:rfc1034identifier}";
				PRODUCT_NAME = CubeMapStudy;
				STRIP_INSTALLED_PRODUCT = YES;
				SYMROOT = ./build;
				WRAPPER_EXTENSION = app;
			};
			name = Release;
		};
		C01FCF4F08A954540054247B /* Debug */ = {
			isa = XCBuildConfiguration;
			buildSettings = {
				ALWAYS_SEARCH_USER_PATHS = NO;
				CINDER_PATH = ../../../cinder;
				CLANG_CXX_LANGUAGE_STANDARD = "c++11";
				CLANG_CXX_LIBRARY = "libc++";
				ENABLE_TESTABILITY = YES;
				GCC_WARN_ABOUT_RETURN_TYPE = YES;
				GCC_WARN_UNUSED_VARIABLE = YES;
				HEADER_SEARCH_PATHS = "\"$(CINDER_PATH)/include\"";
				MACOSX_DEPLOYMENT_TARGET = 10.8;
				ONLY_ACTIVE_ARCH = YES;
				SDKROOT = macosx;
				USER_HEADER_SEARCH_PATHS = "\"$(CINDER_PATH)/include\" ../include";
			};
			name = Debug;
		};
		C01FCF5008A954540054247B /* Release */ = {
			isa = XCBuildConfiguration;
			buildSettings = {
				ALWAYS_SEARCH_USER_PATHS = NO;
				CINDER_PATH = ../../../cinder;
				CLANG_CXX_LANGUAGE_STANDARD = "c++11";
				CLANG_CXX_LIBRARY = "libc++";
				GCC_WARN_ABOUT_RETURN_TYPE = YES;
				GCC_WARN_UNUSED_VARIABLE = YES;
				HEADER_SEARCH_PATHS = "\"$(CINDER_PATH)/include\"";
				MACOSX_DEPLOYMENT_TARGET = 10.8;
				SDKROOT = macosx;
				USER_HEADER_SEARCH_PATHS = "\"$(CINDER_PATH)/include\" ../include";
			};
			name = Release;
		};
/* End XCBuildConfiguration section */

/* Begin XCConfigurationList section */
		C01FCF4A08A954540054247B /* Build configuration list for PBXNativeTarget "CubeMapStudy" */ = {
			isa = XCConfigurationList;
			buildConfigurations = (
				C01FCF4B08A954540054247B /* Debug */,
				C01FCF4C08A954540054247B /* Release */,
			);
			defaultConfigurationIsVisible = 0;
			defaultConfigurationName = Release;
		};
		C01FCF4E08A954540054247B /* Build configuration list for PBXProject "CubeMapStudy" */ = {
			isa = XCConfigurationList;
			buildConfigurations = (
				C01FCF4F08A954540054247B /* Debug */,
				C01FCF5008A954540054247B /* Release */,
			);
			defaultConfigurationIsVisible = 0;
			defaultConfigurationName = Release;
		};
/* End XCConfigurationList section */
	};
	rootObject = 29B97313FDCFA39411CA2CEA /* Project object */;
}
